// !$*UTF8*$!
{
	archiveVersion = 1;
	classes = {
	};
	objectVersion = 50;
	objects = {

/* Begin PBXBuildFile section */
		6E0E752C2145786D00C07502 /* PricingFilterView.swift in Sources */ = {isa = PBXBuildFile; fileRef = 6E0E752B2145786D00C07502 /* PricingFilterView.swift */; };
		6E8C22152142AE8800DFB285 /* AppDelegate.swift in Sources */ = {isa = PBXBuildFile; fileRef = 6E8C22142142AE8800DFB285 /* AppDelegate.swift */; };
		6E8C22172142AE8800DFB285 /* TenderloinViewController.swift in Sources */ = {isa = PBXBuildFile; fileRef = 6E8C22162142AE8800DFB285 /* TenderloinViewController.swift */; };
		6E8C221C2142AE8900DFB285 /* Assets.xcassets in Resources */ = {isa = PBXBuildFile; fileRef = 6E8C221B2142AE8900DFB285 /* Assets.xcassets */; };
		6E8C221F2142AE8900DFB285 /* LaunchScreen.storyboard in Resources */ = {isa = PBXBuildFile; fileRef = 6E8C221D2142AE8900DFB285 /* LaunchScreen.storyboard */; };
		6E8C222A2142AE8900DFB285 /* TenderloinViewControllerTests.swift in Sources */ = {isa = PBXBuildFile; fileRef = 6E8C22292142AE8900DFB285 /* TenderloinViewControllerTests.swift */; };
		6E8C22352142CE6100DFB285 /* ProductCell.swift in Sources */ = {isa = PBXBuildFile; fileRef = 6E8C22342142CE6100DFB285 /* ProductCell.swift */; };
		6E8C22372142D10F00DFB285 /* AutoLayout.swift in Sources */ = {isa = PBXBuildFile; fileRef = 6E8C22362142D10F00DFB285 /* AutoLayout.swift */; };
		6E8C22392142E49300DFB285 /* Product.swift in Sources */ = {isa = PBXBuildFile; fileRef = 6E8C22382142E49300DFB285 /* Product.swift */; };
		6E8C223B2142E5EB00DFB285 /* AutoLayoutTests.swift in Sources */ = {isa = PBXBuildFile; fileRef = 6E8C223A2142E5EB00DFB285 /* AutoLayoutTests.swift */; };
		6E8C223C2142E61B00DFB285 /* AutoLayout.swift in Sources */ = {isa = PBXBuildFile; fileRef = 6E8C22362142D10F00DFB285 /* AutoLayout.swift */; };
		6E8C223E2142E87700DFB285 /* ProductTests.swift in Sources */ = {isa = PBXBuildFile; fileRef = 6E8C223D2142E87700DFB285 /* ProductTests.swift */; };
		6E8C223F2142E87E00DFB285 /* Product.swift in Sources */ = {isa = PBXBuildFile; fileRef = 6E8C22382142E49300DFB285 /* Product.swift */; };
		6E8C22422142EA0900DFB285 /* Shop.swift in Sources */ = {isa = PBXBuildFile; fileRef = 6E8C22412142EA0900DFB285 /* Shop.swift */; };
		6E8C22432142EABF00DFB285 /* Shop.swift in Sources */ = {isa = PBXBuildFile; fileRef = 6E8C22412142EA0900DFB285 /* Shop.swift */; };
		6E8C22452142EC1100DFB285 /* ShopTests.swift in Sources */ = {isa = PBXBuildFile; fileRef = 6E8C22442142EC1100DFB285 /* ShopTests.swift */; };
		6E8C224A2143960600DFB285 /* Badge.swift in Sources */ = {isa = PBXBuildFile; fileRef = 6E8C22492143960600DFB285 /* Badge.swift */; };
		6E8C224C2143983600DFB285 /* BadgeTests.swift in Sources */ = {isa = PBXBuildFile; fileRef = 6E8C224B2143983600DFB285 /* BadgeTests.swift */; };
		6E8C224D2143983B00DFB285 /* Badge.swift in Sources */ = {isa = PBXBuildFile; fileRef = 6E8C22492143960600DFB285 /* Badge.swift */; };
		6E8C224F21439C7300DFB285 /* ProductCell.swift in Sources */ = {isa = PBXBuildFile; fileRef = 6E8C22342142CE6100DFB285 /* ProductCell.swift */; };
		6E8C225321439CEE00DFB285 /* RouteType.swift in Sources */ = {isa = PBXBuildFile; fileRef = 6E8C225221439CEE00DFB285 /* RouteType.swift */; };
		6E8C225421439CEE00DFB285 /* RouteType.swift in Sources */ = {isa = PBXBuildFile; fileRef = 6E8C225221439CEE00DFB285 /* RouteType.swift */; };
		6E8C225721439DE300DFB285 /* HTTPMethod.swift in Sources */ = {isa = PBXBuildFile; fileRef = 6E8C225621439DE300DFB285 /* HTTPMethod.swift */; };
		6E8C225821439DE300DFB285 /* HTTPMethod.swift in Sources */ = {isa = PBXBuildFile; fileRef = 6E8C225621439DE300DFB285 /* HTTPMethod.swift */; };
		6E8C225A21439E1100DFB285 /* HTTPTask.swift in Sources */ = {isa = PBXBuildFile; fileRef = 6E8C225921439E1100DFB285 /* HTTPTask.swift */; };
		6E8C225B21439E1100DFB285 /* HTTPTask.swift in Sources */ = {isa = PBXBuildFile; fileRef = 6E8C225921439E1100DFB285 /* HTTPTask.swift */; };
		6E8C225D21439EB700DFB285 /* HTTPHeader.swift in Sources */ = {isa = PBXBuildFile; fileRef = 6E8C225C21439EB700DFB285 /* HTTPHeader.swift */; };
		6E8C225E21439EB700DFB285 /* HTTPHeader.swift in Sources */ = {isa = PBXBuildFile; fileRef = 6E8C225C21439EB700DFB285 /* HTTPHeader.swift */; };
		6E8C226121439EF700DFB285 /* URLParameterEncoder.swift in Sources */ = {isa = PBXBuildFile; fileRef = 6E8C226021439EF700DFB285 /* URLParameterEncoder.swift */; };
		6E8C226221439EF700DFB285 /* URLParameterEncoder.swift in Sources */ = {isa = PBXBuildFile; fileRef = 6E8C226021439EF700DFB285 /* URLParameterEncoder.swift */; };
		6E8C22672143A0AA00DFB285 /* ParameterEncoderProtocol.swift in Sources */ = {isa = PBXBuildFile; fileRef = 6E8C22662143A0AA00DFB285 /* ParameterEncoderProtocol.swift */; };
		6E8C22682143A0AA00DFB285 /* ParameterEncoderProtocol.swift in Sources */ = {isa = PBXBuildFile; fileRef = 6E8C22662143A0AA00DFB285 /* ParameterEncoderProtocol.swift */; };
		6E8C226A2143A34600DFB285 /* JSONParameterEncoder.swift in Sources */ = {isa = PBXBuildFile; fileRef = 6E8C22692143A34600DFB285 /* JSONParameterEncoder.swift */; };
		6E8C226B2143A34600DFB285 /* JSONParameterEncoder.swift in Sources */ = {isa = PBXBuildFile; fileRef = 6E8C22692143A34600DFB285 /* JSONParameterEncoder.swift */; };
		6E8C226F2143A47500DFB285 /* NetworkRouterProtocol.swift in Sources */ = {isa = PBXBuildFile; fileRef = 6E8C226E2143A47500DFB285 /* NetworkRouterProtocol.swift */; };
		6E8C22702143A47500DFB285 /* NetworkRouterProtocol.swift in Sources */ = {isa = PBXBuildFile; fileRef = 6E8C226E2143A47500DFB285 /* NetworkRouterProtocol.swift */; };
		6E8C22722143A66800DFB285 /* NetworkRouter.swift in Sources */ = {isa = PBXBuildFile; fileRef = 6E8C22712143A66800DFB285 /* NetworkRouter.swift */; };
		6E8C22732143A66800DFB285 /* NetworkRouter.swift in Sources */ = {isa = PBXBuildFile; fileRef = 6E8C22712143A66800DFB285 /* NetworkRouter.swift */; };
		6E8C22752143ADC200DFB285 /* TokopediaAPI.swift in Sources */ = {isa = PBXBuildFile; fileRef = 6E8C22742143ADC200DFB285 /* TokopediaAPI.swift */; };
		6E8C22762143ADC200DFB285 /* TokopediaAPI.swift in Sources */ = {isa = PBXBuildFile; fileRef = 6E8C22742143ADC200DFB285 /* TokopediaAPI.swift */; };
		6E8C22792143B07D00DFB285 /* NetworkController.swift in Sources */ = {isa = PBXBuildFile; fileRef = 6E8C22782143B07D00DFB285 /* NetworkController.swift */; };
		6E8C227A2143B07D00DFB285 /* NetworkController.swift in Sources */ = {isa = PBXBuildFile; fileRef = 6E8C22782143B07D00DFB285 /* NetworkController.swift */; };
		6E8C227B2143CE4D00DFB285 /* AppDelegate.swift in Sources */ = {isa = PBXBuildFile; fileRef = 6E8C22142142AE8800DFB285 /* AppDelegate.swift */; };
		6E8C227C2143CE5700DFB285 /* TenderloinViewController.swift in Sources */ = {isa = PBXBuildFile; fileRef = 6E8C22162142AE8800DFB285 /* TenderloinViewController.swift */; };
		6E8C227E2143D50400DFB285 /* ProductCellTests.swift in Sources */ = {isa = PBXBuildFile; fileRef = 6E8C227D2143D50400DFB285 /* ProductCellTests.swift */; };
		6E8C228421443C1E00DFB285 /* TenderloinViewController+ViewConstructor.swift in Sources */ = {isa = PBXBuildFile; fileRef = 6E8C228321443C1E00DFB285 /* TenderloinViewController+ViewConstructor.swift */; };
		6E8C228521443C1E00DFB285 /* TenderloinViewController+ViewConstructor.swift in Sources */ = {isa = PBXBuildFile; fileRef = 6E8C228321443C1E00DFB285 /* TenderloinViewController+ViewConstructor.swift */; };
		6E8C228721443C7E00DFB285 /* TenderloinViewController+DataSource.swift in Sources */ = {isa = PBXBuildFile; fileRef = 6E8C228621443C7E00DFB285 /* TenderloinViewController+DataSource.swift */; };
		6E8C228821443C7E00DFB285 /* TenderloinViewController+DataSource.swift in Sources */ = {isa = PBXBuildFile; fileRef = 6E8C228621443C7E00DFB285 /* TenderloinViewController+DataSource.swift */; };
		6E95B7CA21462D440026A5C2 /* TokopediaColor.swift in Sources */ = {isa = PBXBuildFile; fileRef = 6E95B7C921462D440026A5C2 /* TokopediaColor.swift */; };
		6E95B7CB21464F390026A5C2 /* TokopediaColor.swift in Sources */ = {isa = PBXBuildFile; fileRef = 6E95B7C921462D440026A5C2 /* TokopediaColor.swift */; };
		6E95B7CC21464F450026A5C2 /* PricingFilterView.swift in Sources */ = {isa = PBXBuildFile; fileRef = 6E0E752B2145786D00C07502 /* PricingFilterView.swift */; };
		6EDACB532144D4F500325893 /* ProductInfoStackView.swift in Sources */ = {isa = PBXBuildFile; fileRef = 6EDACB522144D4F500325893 /* ProductInfoStackView.swift */; };
		6EDACB542144D4F500325893 /* ProductInfoStackView.swift in Sources */ = {isa = PBXBuildFile; fileRef = 6EDACB522144D4F500325893 /* ProductInfoStackView.swift */; };
		6EDACB592144E1F200325893 /* ProductImageView.swift in Sources */ = {isa = PBXBuildFile; fileRef = 6EDACB582144E1F200325893 /* ProductImageView.swift */; };
		6EDACB5A2144E1F200325893 /* ProductImageView.swift in Sources */ = {isa = PBXBuildFile; fileRef = 6EDACB582144E1F200325893 /* ProductImageView.swift */; };
		6EDACB5C2144E3F100325893 /* UIView.swift in Sources */ = {isa = PBXBuildFile; fileRef = 6EDACB5B2144E3F100325893 /* UIView.swift */; };
		6EDACB5D2144E3F100325893 /* UIView.swift in Sources */ = {isa = PBXBuildFile; fileRef = 6EDACB5B2144E3F100325893 /* UIView.swift */; };
		6EDACB5F2144E45A00325893 /* UILabel.swift in Sources */ = {isa = PBXBuildFile; fileRef = 6EDACB5E2144E45A00325893 /* UILabel.swift */; };
		6EDACB602144E45A00325893 /* UILabel.swift in Sources */ = {isa = PBXBuildFile; fileRef = 6EDACB5E2144E45A00325893 /* UILabel.swift */; };
		6EDACB622144E48E00325893 /* UIStackView.swift in Sources */ = {isa = PBXBuildFile; fileRef = 6EDACB612144E48E00325893 /* UIStackView.swift */; };
		6EDACB632144E48E00325893 /* UIStackView.swift in Sources */ = {isa = PBXBuildFile; fileRef = 6EDACB612144E48E00325893 /* UIStackView.swift */; };
		6EDACB6A2144EA7200325893 /* FilterView.swift in Sources */ = {isa = PBXBuildFile; fileRef = 6EDACB692144EA7200325893 /* FilterView.swift */; };
		6EDACB6B2144EA7200325893 /* FilterView.swift in Sources */ = {isa = PBXBuildFile; fileRef = 6EDACB692144EA7200325893 /* FilterView.swift */; };
		C8ED2029D6ECCD9FEC255B01 /* Pods_Tenderloin.framework in Frameworks */ = {isa = PBXBuildFile; fileRef = 4C22D7D15E611B04634D1D67 /* Pods_Tenderloin.framework */; };
		CE58970EB51CC41A05355C63 /* Pods_TenderloinTests.framework in Frameworks */ = {isa = PBXBuildFile; fileRef = D77D11BA5C78765E6251AB23 /* Pods_TenderloinTests.framework */; };
/* End PBXBuildFile section */

/* Begin PBXContainerItemProxy section */
		6E8C22262142AE8900DFB285 /* PBXContainerItemProxy */ = {
			isa = PBXContainerItemProxy;
			containerPortal = 6E8C22092142AE8800DFB285 /* Project object */;
			proxyType = 1;
			remoteGlobalIDString = 6E8C22102142AE8800DFB285;
			remoteInfo = Tenderloin;
		};
/* End PBXContainerItemProxy section */

/* Begin PBXFileReference section */
		0CDF2677EF8E65EF5F3580B5 /* Pods-Tenderloin.debug.xcconfig */ = {isa = PBXFileReference; includeInIndex = 1; lastKnownFileType = text.xcconfig; name = "Pods-Tenderloin.debug.xcconfig"; path = "Pods/Target Support Files/Pods-Tenderloin/Pods-Tenderloin.debug.xcconfig"; sourceTree = "<group>"; };
		4C22D7D15E611B04634D1D67 /* Pods_Tenderloin.framework */ = {isa = PBXFileReference; explicitFileType = wrapper.framework; includeInIndex = 0; path = Pods_Tenderloin.framework; sourceTree = BUILT_PRODUCTS_DIR; };
		6E0E752B2145786D00C07502 /* PricingFilterView.swift */ = {isa = PBXFileReference; lastKnownFileType = sourcecode.swift; path = PricingFilterView.swift; sourceTree = "<group>"; };
		6E8C22112142AE8800DFB285 /* Tenderloin.app */ = {isa = PBXFileReference; explicitFileType = wrapper.application; includeInIndex = 0; path = Tenderloin.app; sourceTree = BUILT_PRODUCTS_DIR; };
		6E8C22142142AE8800DFB285 /* AppDelegate.swift */ = {isa = PBXFileReference; lastKnownFileType = sourcecode.swift; path = AppDelegate.swift; sourceTree = "<group>"; };
		6E8C22162142AE8800DFB285 /* TenderloinViewController.swift */ = {isa = PBXFileReference; lastKnownFileType = sourcecode.swift; path = TenderloinViewController.swift; sourceTree = "<group>"; };
		6E8C221B2142AE8900DFB285 /* Assets.xcassets */ = {isa = PBXFileReference; lastKnownFileType = folder.assetcatalog; path = Assets.xcassets; sourceTree = "<group>"; };
		6E8C221E2142AE8900DFB285 /* Base */ = {isa = PBXFileReference; lastKnownFileType = file.storyboard; name = Base; path = Base.lproj/LaunchScreen.storyboard; sourceTree = "<group>"; };
		6E8C22202142AE8900DFB285 /* Info.plist */ = {isa = PBXFileReference; lastKnownFileType = text.plist.xml; path = Info.plist; sourceTree = "<group>"; };
		6E8C22252142AE8900DFB285 /* TenderloinTests.xctest */ = {isa = PBXFileReference; explicitFileType = wrapper.cfbundle; includeInIndex = 0; path = TenderloinTests.xctest; sourceTree = BUILT_PRODUCTS_DIR; };
		6E8C22292142AE8900DFB285 /* TenderloinViewControllerTests.swift */ = {isa = PBXFileReference; lastKnownFileType = sourcecode.swift; path = TenderloinViewControllerTests.swift; sourceTree = "<group>"; };
		6E8C222B2142AE8900DFB285 /* Info.plist */ = {isa = PBXFileReference; lastKnownFileType = text.plist.xml; path = Info.plist; sourceTree = "<group>"; };
		6E8C22342142CE6100DFB285 /* ProductCell.swift */ = {isa = PBXFileReference; lastKnownFileType = sourcecode.swift; path = ProductCell.swift; sourceTree = "<group>"; };
		6E8C22362142D10F00DFB285 /* AutoLayout.swift */ = {isa = PBXFileReference; lastKnownFileType = sourcecode.swift; path = AutoLayout.swift; sourceTree = "<group>"; };
		6E8C22382142E49300DFB285 /* Product.swift */ = {isa = PBXFileReference; lastKnownFileType = sourcecode.swift; path = Product.swift; sourceTree = "<group>"; };
		6E8C223A2142E5EB00DFB285 /* AutoLayoutTests.swift */ = {isa = PBXFileReference; lastKnownFileType = sourcecode.swift; path = AutoLayoutTests.swift; sourceTree = "<group>"; };
		6E8C223D2142E87700DFB285 /* ProductTests.swift */ = {isa = PBXFileReference; lastKnownFileType = sourcecode.swift; path = ProductTests.swift; sourceTree = "<group>"; };
		6E8C22412142EA0900DFB285 /* Shop.swift */ = {isa = PBXFileReference; lastKnownFileType = sourcecode.swift; path = Shop.swift; sourceTree = "<group>"; };
		6E8C22442142EC1100DFB285 /* ShopTests.swift */ = {isa = PBXFileReference; lastKnownFileType = sourcecode.swift; path = ShopTests.swift; sourceTree = "<group>"; };
		6E8C22492143960600DFB285 /* Badge.swift */ = {isa = PBXFileReference; lastKnownFileType = sourcecode.swift; path = Badge.swift; sourceTree = "<group>"; };
		6E8C224B2143983600DFB285 /* BadgeTests.swift */ = {isa = PBXFileReference; lastKnownFileType = sourcecode.swift; path = BadgeTests.swift; sourceTree = "<group>"; };
		6E8C225221439CEE00DFB285 /* RouteType.swift */ = {isa = PBXFileReference; lastKnownFileType = sourcecode.swift; path = RouteType.swift; sourceTree = "<group>"; };
		6E8C225621439DE300DFB285 /* HTTPMethod.swift */ = {isa = PBXFileReference; lastKnownFileType = sourcecode.swift; path = HTTPMethod.swift; sourceTree = "<group>"; };
		6E8C225921439E1100DFB285 /* HTTPTask.swift */ = {isa = PBXFileReference; lastKnownFileType = sourcecode.swift; path = HTTPTask.swift; sourceTree = "<group>"; };
		6E8C225C21439EB700DFB285 /* HTTPHeader.swift */ = {isa = PBXFileReference; lastKnownFileType = sourcecode.swift; path = HTTPHeader.swift; sourceTree = "<group>"; };
		6E8C226021439EF700DFB285 /* URLParameterEncoder.swift */ = {isa = PBXFileReference; lastKnownFileType = sourcecode.swift; path = URLParameterEncoder.swift; sourceTree = "<group>"; };
		6E8C22662143A0AA00DFB285 /* ParameterEncoderProtocol.swift */ = {isa = PBXFileReference; lastKnownFileType = sourcecode.swift; path = ParameterEncoderProtocol.swift; sourceTree = "<group>"; };
		6E8C22692143A34600DFB285 /* JSONParameterEncoder.swift */ = {isa = PBXFileReference; lastKnownFileType = sourcecode.swift; path = JSONParameterEncoder.swift; sourceTree = "<group>"; };
		6E8C226E2143A47500DFB285 /* NetworkRouterProtocol.swift */ = {isa = PBXFileReference; lastKnownFileType = sourcecode.swift; path = NetworkRouterProtocol.swift; sourceTree = "<group>"; };
		6E8C22712143A66800DFB285 /* NetworkRouter.swift */ = {isa = PBXFileReference; lastKnownFileType = sourcecode.swift; path = NetworkRouter.swift; sourceTree = "<group>"; };
		6E8C22742143ADC200DFB285 /* TokopediaAPI.swift */ = {isa = PBXFileReference; lastKnownFileType = sourcecode.swift; path = TokopediaAPI.swift; sourceTree = "<group>"; };
		6E8C22782143B07D00DFB285 /* NetworkController.swift */ = {isa = PBXFileReference; lastKnownFileType = sourcecode.swift; path = NetworkController.swift; sourceTree = "<group>"; };
		6E8C227D2143D50400DFB285 /* ProductCellTests.swift */ = {isa = PBXFileReference; lastKnownFileType = sourcecode.swift; path = ProductCellTests.swift; sourceTree = "<group>"; };
		6E8C228321443C1E00DFB285 /* TenderloinViewController+ViewConstructor.swift */ = {isa = PBXFileReference; lastKnownFileType = sourcecode.swift; path = "TenderloinViewController+ViewConstructor.swift"; sourceTree = "<group>"; };
		6E8C228621443C7E00DFB285 /* TenderloinViewController+DataSource.swift */ = {isa = PBXFileReference; lastKnownFileType = sourcecode.swift; path = "TenderloinViewController+DataSource.swift"; sourceTree = "<group>"; };
		6E95B7C921462D440026A5C2 /* TokopediaColor.swift */ = {isa = PBXFileReference; lastKnownFileType = sourcecode.swift; path = TokopediaColor.swift; sourceTree = "<group>"; };
		6EDACB522144D4F500325893 /* ProductInfoStackView.swift */ = {isa = PBXFileReference; lastKnownFileType = sourcecode.swift; path = ProductInfoStackView.swift; sourceTree = "<group>"; };
		6EDACB582144E1F200325893 /* ProductImageView.swift */ = {isa = PBXFileReference; lastKnownFileType = sourcecode.swift; path = ProductImageView.swift; sourceTree = "<group>"; };
		6EDACB5B2144E3F100325893 /* UIView.swift */ = {isa = PBXFileReference; lastKnownFileType = sourcecode.swift; path = UIView.swift; sourceTree = "<group>"; };
		6EDACB5E2144E45A00325893 /* UILabel.swift */ = {isa = PBXFileReference; lastKnownFileType = sourcecode.swift; path = UILabel.swift; sourceTree = "<group>"; };
		6EDACB612144E48E00325893 /* UIStackView.swift */ = {isa = PBXFileReference; lastKnownFileType = sourcecode.swift; path = UIStackView.swift; sourceTree = "<group>"; };
		6EDACB692144EA7200325893 /* FilterView.swift */ = {isa = PBXFileReference; lastKnownFileType = sourcecode.swift; path = FilterView.swift; sourceTree = "<group>"; };
		7636E57AE0C3DCCC0A043F2E /* Pods-TenderloinTests.debug.xcconfig */ = {isa = PBXFileReference; includeInIndex = 1; lastKnownFileType = text.xcconfig; name = "Pods-TenderloinTests.debug.xcconfig"; path = "Pods/Target Support Files/Pods-TenderloinTests/Pods-TenderloinTests.debug.xcconfig"; sourceTree = "<group>"; };
		D2F9BFFC68EA2AADF64D45E6 /* Pods-TenderloinTests.release.xcconfig */ = {isa = PBXFileReference; includeInIndex = 1; lastKnownFileType = text.xcconfig; name = "Pods-TenderloinTests.release.xcconfig"; path = "Pods/Target Support Files/Pods-TenderloinTests/Pods-TenderloinTests.release.xcconfig"; sourceTree = "<group>"; };
		D77D11BA5C78765E6251AB23 /* Pods_TenderloinTests.framework */ = {isa = PBXFileReference; explicitFileType = wrapper.framework; includeInIndex = 0; path = Pods_TenderloinTests.framework; sourceTree = BUILT_PRODUCTS_DIR; };
		E5EBEC4D1404B475D37BAF46 /* Pods-Tenderloin.release.xcconfig */ = {isa = PBXFileReference; includeInIndex = 1; lastKnownFileType = text.xcconfig; name = "Pods-Tenderloin.release.xcconfig"; path = "Pods/Target Support Files/Pods-Tenderloin/Pods-Tenderloin.release.xcconfig"; sourceTree = "<group>"; };
/* End PBXFileReference section */

/* Begin PBXFrameworksBuildPhase section */
		6E8C220E2142AE8800DFB285 /* Frameworks */ = {
			isa = PBXFrameworksBuildPhase;
			buildActionMask = 2147483647;
			files = (
				C8ED2029D6ECCD9FEC255B01 /* Pods_Tenderloin.framework in Frameworks */,
			);
			runOnlyForDeploymentPostprocessing = 0;
		};
		6E8C22222142AE8900DFB285 /* Frameworks */ = {
			isa = PBXFrameworksBuildPhase;
			buildActionMask = 2147483647;
			files = (
				CE58970EB51CC41A05355C63 /* Pods_TenderloinTests.framework in Frameworks */,
			);
			runOnlyForDeploymentPostprocessing = 0;
		};
/* End PBXFrameworksBuildPhase section */

/* Begin PBXGroup section */
		6E0E752A2145785600C07502 /* FilterView */ = {
			isa = PBXGroup;
			children = (
				6EDACB692144EA7200325893 /* FilterView.swift */,
				6E0E752B2145786D00C07502 /* PricingFilterView.swift */,
			);
			path = FilterView;
			sourceTree = "<group>";
		};
		6E8C22082142AE8800DFB285 = {
			isa = PBXGroup;
			children = (
				6E8C22132142AE8800DFB285 /* Tenderloin */,
				6E8C22282142AE8900DFB285 /* TenderloinTests */,
				6E8C22122142AE8800DFB285 /* Products */,
				C62DCBF4ABE81BA55AA04936 /* Pods */,
				FC2AC02F8A5C596880639C3B /* Frameworks */,
			);
			sourceTree = "<group>";
		};
		6E8C22122142AE8800DFB285 /* Products */ = {
			isa = PBXGroup;
			children = (
				6E8C22112142AE8800DFB285 /* Tenderloin.app */,
				6E8C22252142AE8900DFB285 /* TenderloinTests.xctest */,
			);
			name = Products;
			sourceTree = "<group>";
		};
		6E8C22132142AE8800DFB285 /* Tenderloin */ = {
			isa = PBXGroup;
			children = (
				6E8C22402142E9F600DFB285 /* Model */,
				6E8C228221443A9B00DFB285 /* View */,
				6E8C224621438B6F00DFB285 /* Controller */,
				6E8C225021439CB000DFB285 /* Networking */,
				6E8C224E21439C2400DFB285 /* Application */,
				6E8C221B2142AE8900DFB285 /* Assets.xcassets */,
				6E8C22202142AE8900DFB285 /* Info.plist */,
			);
			path = Tenderloin;
			sourceTree = "<group>";
		};
		6E8C22282142AE8900DFB285 /* TenderloinTests */ = {
			isa = PBXGroup;
			children = (
				6E8C22292142AE8900DFB285 /* TenderloinViewControllerTests.swift */,
				6E8C222B2142AE8900DFB285 /* Info.plist */,
				6E8C223A2142E5EB00DFB285 /* AutoLayoutTests.swift */,
				6E8C227D2143D50400DFB285 /* ProductCellTests.swift */,
				6E8C223D2142E87700DFB285 /* ProductTests.swift */,
				6E8C22442142EC1100DFB285 /* ShopTests.swift */,
				6E8C224B2143983600DFB285 /* BadgeTests.swift */,
			);
			path = TenderloinTests;
			sourceTree = "<group>";
		};
		6E8C22402142E9F600DFB285 /* Model */ = {
			isa = PBXGroup;
			children = (
				6E8C22382142E49300DFB285 /* Product.swift */,
				6E8C22412142EA0900DFB285 /* Shop.swift */,
				6E8C22492143960600DFB285 /* Badge.swift */,
			);
			path = Model;
			sourceTree = "<group>";
		};
		6E8C224621438B6F00DFB285 /* Controller */ = {
			isa = PBXGroup;
			children = (
				6E8C224721438B8100DFB285 /* TenderloinViewController */,
			);
			path = Controller;
			sourceTree = "<group>";
		};
		6E8C224721438B8100DFB285 /* TenderloinViewController */ = {
			isa = PBXGroup;
			children = (
				6E8C22162142AE8800DFB285 /* TenderloinViewController.swift */,
				6E8C228321443C1E00DFB285 /* TenderloinViewController+ViewConstructor.swift */,
				6E8C228621443C7E00DFB285 /* TenderloinViewController+DataSource.swift */,
			);
			path = TenderloinViewController;
			sourceTree = "<group>";
		};
		6E8C224E21439C2400DFB285 /* Application */ = {
			isa = PBXGroup;
			children = (
				6E8C221D2142AE8900DFB285 /* LaunchScreen.storyboard */,
				6E8C22142142AE8800DFB285 /* AppDelegate.swift */,
			);
			path = Application;
			sourceTree = "<group>";
		};
		6E8C225021439CB000DFB285 /* Networking */ = {
			isa = PBXGroup;
			children = (
				6E8C22772143B06F00DFB285 /* Controller */,
				6E8C225F21439ED800DFB285 /* Encoding */,
				6E8C225521439DD000DFB285 /* Service */,
				6E8C225121439CD300DFB285 /* Route */,
			);
			path = Networking;
			sourceTree = "<group>";
		};
		6E8C225121439CD300DFB285 /* Route */ = {
			isa = PBXGroup;
			children = (
				6E8C225221439CEE00DFB285 /* RouteType.swift */,
				6E8C22742143ADC200DFB285 /* TokopediaAPI.swift */,
			);
			path = Route;
			sourceTree = "<group>";
		};
		6E8C225521439DD000DFB285 /* Service */ = {
			isa = PBXGroup;
			children = (
				6E8C225621439DE300DFB285 /* HTTPMethod.swift */,
				6E8C225921439E1100DFB285 /* HTTPTask.swift */,
				6E8C225C21439EB700DFB285 /* HTTPHeader.swift */,
				6E8C226E2143A47500DFB285 /* NetworkRouterProtocol.swift */,
				6E8C22712143A66800DFB285 /* NetworkRouter.swift */,
			);
			path = Service;
			sourceTree = "<group>";
		};
		6E8C225F21439ED800DFB285 /* Encoding */ = {
			isa = PBXGroup;
			children = (
				6E8C226021439EF700DFB285 /* URLParameterEncoder.swift */,
				6E8C22662143A0AA00DFB285 /* ParameterEncoderProtocol.swift */,
				6E8C22692143A34600DFB285 /* JSONParameterEncoder.swift */,
			);
			path = Encoding;
			sourceTree = "<group>";
		};
		6E8C22772143B06F00DFB285 /* Controller */ = {
			isa = PBXGroup;
			children = (
				6E8C22782143B07D00DFB285 /* NetworkController.swift */,
			);
			path = Controller;
			sourceTree = "<group>";
		};
		6E8C228221443A9B00DFB285 /* View */ = {
			isa = PBXGroup;
			children = (
				6E0E752A2145785600C07502 /* FilterView */,
				6EDACB642144E4A000325893 /* Extension */,
				6E8C22342142CE6100DFB285 /* ProductCell.swift */,
				6E8C22362142D10F00DFB285 /* AutoLayout.swift */,
				6EDACB522144D4F500325893 /* ProductInfoStackView.swift */,
				6EDACB582144E1F200325893 /* ProductImageView.swift */,
				6E95B7C921462D440026A5C2 /* TokopediaColor.swift */,
			);
			path = View;
			sourceTree = "<group>";
		};
		6EDACB642144E4A000325893 /* Extension */ = {
			isa = PBXGroup;
			children = (
				6EDACB612144E48E00325893 /* UIStackView.swift */,
				6EDACB5B2144E3F100325893 /* UIView.swift */,
				6EDACB5E2144E45A00325893 /* UILabel.swift */,
			);
			path = Extension;
			sourceTree = "<group>";
		};
		C62DCBF4ABE81BA55AA04936 /* Pods */ = {
			isa = PBXGroup;
			children = (
				0CDF2677EF8E65EF5F3580B5 /* Pods-Tenderloin.debug.xcconfig */,
				E5EBEC4D1404B475D37BAF46 /* Pods-Tenderloin.release.xcconfig */,
				7636E57AE0C3DCCC0A043F2E /* Pods-TenderloinTests.debug.xcconfig */,
				D2F9BFFC68EA2AADF64D45E6 /* Pods-TenderloinTests.release.xcconfig */,
			);
			name = Pods;
			sourceTree = "<group>";
		};
		FC2AC02F8A5C596880639C3B /* Frameworks */ = {
			isa = PBXGroup;
			children = (
				4C22D7D15E611B04634D1D67 /* Pods_Tenderloin.framework */,
				D77D11BA5C78765E6251AB23 /* Pods_TenderloinTests.framework */,
			);
			name = Frameworks;
			sourceTree = "<group>";
		};
/* End PBXGroup section */

/* Begin PBXNativeTarget section */
		6E8C22102142AE8800DFB285 /* Tenderloin */ = {
			isa = PBXNativeTarget;
			buildConfigurationList = 6E8C222E2142AE8900DFB285 /* Build configuration list for PBXNativeTarget "Tenderloin" */;
			buildPhases = (
				1BF43FD992AD8BD895EB4D5D /* [CP] Check Pods Manifest.lock */,
				6E8C220D2142AE8800DFB285 /* Sources */,
				6E8C220E2142AE8800DFB285 /* Frameworks */,
				6E8C220F2142AE8800DFB285 /* Resources */,
				9D05DD024DF5882C91B466A7 /* [CP] Embed Pods Frameworks */,
			);
			buildRules = (
			);
			dependencies = (
			);
			name = Tenderloin;
			productName = Tenderloin;
			productReference = 6E8C22112142AE8800DFB285 /* Tenderloin.app */;
			productType = "com.apple.product-type.application";
		};
		6E8C22242142AE8900DFB285 /* TenderloinTests */ = {
			isa = PBXNativeTarget;
			buildConfigurationList = 6E8C22312142AE8900DFB285 /* Build configuration list for PBXNativeTarget "TenderloinTests" */;
			buildPhases = (
				5B339A30FB5300992E35315A /* [CP] Check Pods Manifest.lock */,
				6E8C22212142AE8900DFB285 /* Sources */,
				6E8C22222142AE8900DFB285 /* Frameworks */,
				6E8C22232142AE8900DFB285 /* Resources */,
				E04EA18FF1F067545AD4D436 /* [CP] Embed Pods Frameworks */,
			);
			buildRules = (
			);
			dependencies = (
				6E8C22272142AE8900DFB285 /* PBXTargetDependency */,
			);
			name = TenderloinTests;
			productName = TenderloinTests;
			productReference = 6E8C22252142AE8900DFB285 /* TenderloinTests.xctest */;
			productType = "com.apple.product-type.bundle.unit-test";
		};
/* End PBXNativeTarget section */

/* Begin PBXProject section */
		6E8C22092142AE8800DFB285 /* Project object */ = {
			isa = PBXProject;
			attributes = {
				LastSwiftUpdateCheck = 0940;
				LastUpgradeCheck = 0940;
				ORGANIZATIONNAME = Wiyoza;
				TargetAttributes = {
					6E8C22102142AE8800DFB285 = {
						CreatedOnToolsVersion = 9.4.1;
					};
					6E8C22242142AE8900DFB285 = {
						CreatedOnToolsVersion = 9.4.1;
						TestTargetID = 6E8C22102142AE8800DFB285;
					};
				};
			};
			buildConfigurationList = 6E8C220C2142AE8800DFB285 /* Build configuration list for PBXProject "Tenderloin" */;
			compatibilityVersion = "Xcode 9.3";
			developmentRegion = en;
			hasScannedForEncodings = 0;
			knownRegions = (
				en,
				Base,
			);
			mainGroup = 6E8C22082142AE8800DFB285;
			productRefGroup = 6E8C22122142AE8800DFB285 /* Products */;
			projectDirPath = "";
			projectRoot = "";
			targets = (
				6E8C22102142AE8800DFB285 /* Tenderloin */,
				6E8C22242142AE8900DFB285 /* TenderloinTests */,
			);
		};
/* End PBXProject section */

/* Begin PBXResourcesBuildPhase section */
		6E8C220F2142AE8800DFB285 /* Resources */ = {
			isa = PBXResourcesBuildPhase;
			buildActionMask = 2147483647;
			files = (
				6E8C221F2142AE8900DFB285 /* LaunchScreen.storyboard in Resources */,
				6E8C221C2142AE8900DFB285 /* Assets.xcassets in Resources */,
			);
			runOnlyForDeploymentPostprocessing = 0;
		};
		6E8C22232142AE8900DFB285 /* Resources */ = {
			isa = PBXResourcesBuildPhase;
			buildActionMask = 2147483647;
			files = (
			);
			runOnlyForDeploymentPostprocessing = 0;
		};
/* End PBXResourcesBuildPhase section */

/* Begin PBXShellScriptBuildPhase section */
		1BF43FD992AD8BD895EB4D5D /* [CP] Check Pods Manifest.lock */ = {
			isa = PBXShellScriptBuildPhase;
			buildActionMask = 2147483647;
			files = (
			);
			inputPaths = (
				"${PODS_PODFILE_DIR_PATH}/Podfile.lock",
				"${PODS_ROOT}/Manifest.lock",
			);
			name = "[CP] Check Pods Manifest.lock";
			outputPaths = (
				"$(DERIVED_FILE_DIR)/Pods-Tenderloin-checkManifestLockResult.txt",
			);
			runOnlyForDeploymentPostprocessing = 0;
			shellPath = /bin/sh;
			shellScript = "diff \"${PODS_PODFILE_DIR_PATH}/Podfile.lock\" \"${PODS_ROOT}/Manifest.lock\" > /dev/null\nif [ $? != 0 ] ; then\n    # print error to STDERR\n    echo \"error: The sandbox is not in sync with the Podfile.lock. Run 'pod install' or update your CocoaPods installation.\" >&2\n    exit 1\nfi\n# This output is used by Xcode 'outputs' to avoid re-running this script phase.\necho \"SUCCESS\" > \"${SCRIPT_OUTPUT_FILE_0}\"\n";
			showEnvVarsInLog = 0;
		};
		5B339A30FB5300992E35315A /* [CP] Check Pods Manifest.lock */ = {
			isa = PBXShellScriptBuildPhase;
			buildActionMask = 2147483647;
			files = (
			);
			inputPaths = (
				"${PODS_PODFILE_DIR_PATH}/Podfile.lock",
				"${PODS_ROOT}/Manifest.lock",
			);
			name = "[CP] Check Pods Manifest.lock";
			outputPaths = (
				"$(DERIVED_FILE_DIR)/Pods-TenderloinTests-checkManifestLockResult.txt",
			);
			runOnlyForDeploymentPostprocessing = 0;
			shellPath = /bin/sh;
			shellScript = "diff \"${PODS_PODFILE_DIR_PATH}/Podfile.lock\" \"${PODS_ROOT}/Manifest.lock\" > /dev/null\nif [ $? != 0 ] ; then\n    # print error to STDERR\n    echo \"error: The sandbox is not in sync with the Podfile.lock. Run 'pod install' or update your CocoaPods installation.\" >&2\n    exit 1\nfi\n# This output is used by Xcode 'outputs' to avoid re-running this script phase.\necho \"SUCCESS\" > \"${SCRIPT_OUTPUT_FILE_0}\"\n";
			showEnvVarsInLog = 0;
		};
		9D05DD024DF5882C91B466A7 /* [CP] Embed Pods Frameworks */ = {
			isa = PBXShellScriptBuildPhase;
			buildActionMask = 2147483647;
			files = (
			);
			inputPaths = (
				"${SRCROOT}/Pods/Target Support Files/Pods-Tenderloin/Pods-Tenderloin-frameworks.sh",
				"${BUILT_PRODUCTS_DIR}/WARangeSlider/WARangeSlider.framework",
			);
			name = "[CP] Embed Pods Frameworks";
			outputPaths = (
				"${TARGET_BUILD_DIR}/${FRAMEWORKS_FOLDER_PATH}/WARangeSlider.framework",
			);
			runOnlyForDeploymentPostprocessing = 0;
			shellPath = /bin/sh;
			shellScript = "\"${SRCROOT}/Pods/Target Support Files/Pods-Tenderloin/Pods-Tenderloin-frameworks.sh\"\n";
			showEnvVarsInLog = 0;
		};
		E04EA18FF1F067545AD4D436 /* [CP] Embed Pods Frameworks */ = {
			isa = PBXShellScriptBuildPhase;
			buildActionMask = 2147483647;
			files = (
			);
			inputPaths = (
				"${SRCROOT}/Pods/Target Support Files/Pods-TenderloinTests/Pods-TenderloinTests-frameworks.sh",
				"${BUILT_PRODUCTS_DIR}/WARangeSlider/WARangeSlider.framework",
			);
			name = "[CP] Embed Pods Frameworks";
			outputPaths = (
				"${TARGET_BUILD_DIR}/${FRAMEWORKS_FOLDER_PATH}/WARangeSlider.framework",
			);
			runOnlyForDeploymentPostprocessing = 0;
			shellPath = /bin/sh;
			shellScript = "\"${SRCROOT}/Pods/Target Support Files/Pods-TenderloinTests/Pods-TenderloinTests-frameworks.sh\"\n";
			showEnvVarsInLog = 0;
		};
/* End PBXShellScriptBuildPhase section */

/* Begin PBXSourcesBuildPhase section */
		6E8C220D2142AE8800DFB285 /* Sources */ = {
			isa = PBXSourcesBuildPhase;
			buildActionMask = 2147483647;
			files = (
				6EDACB6A2144EA7200325893 /* FilterView.swift in Sources */,
				6E8C225321439CEE00DFB285 /* RouteType.swift in Sources */,
				6EDACB592144E1F200325893 /* ProductImageView.swift in Sources */,
				6E0E752C2145786D00C07502 /* PricingFilterView.swift in Sources */,
				6E8C22792143B07D00DFB285 /* NetworkController.swift in Sources */,
				6E8C224A2143960600DFB285 /* Badge.swift in Sources */,
				6EDACB5F2144E45A00325893 /* UILabel.swift in Sources */,
				6E8C228421443C1E00DFB285 /* TenderloinViewController+ViewConstructor.swift in Sources */,
				6E8C22352142CE6100DFB285 /* ProductCell.swift in Sources */,
				6E8C22172142AE8800DFB285 /* TenderloinViewController.swift in Sources */,
				6E8C22392142E49300DFB285 /* Product.swift in Sources */,
				6E95B7CA21462D440026A5C2 /* TokopediaColor.swift in Sources */,
				6E8C226A2143A34600DFB285 /* JSONParameterEncoder.swift in Sources */,
				6EDACB622144E48E00325893 /* UIStackView.swift in Sources */,
				6EDACB532144D4F500325893 /* ProductInfoStackView.swift in Sources */,
				6E8C225721439DE300DFB285 /* HTTPMethod.swift in Sources */,
				6E8C226121439EF700DFB285 /* URLParameterEncoder.swift in Sources */,
				6E8C225A21439E1100DFB285 /* HTTPTask.swift in Sources */,
				6E8C226F2143A47500DFB285 /* NetworkRouterProtocol.swift in Sources */,
				6E8C22752143ADC200DFB285 /* TokopediaAPI.swift in Sources */,
				6E8C22722143A66800DFB285 /* NetworkRouter.swift in Sources */,
				6EDACB5C2144E3F100325893 /* UIView.swift in Sources */,
				6E8C22422142EA0900DFB285 /* Shop.swift in Sources */,
				6E8C225D21439EB700DFB285 /* HTTPHeader.swift in Sources */,
				6E8C228721443C7E00DFB285 /* TenderloinViewController+DataSource.swift in Sources */,
				6E8C22152142AE8800DFB285 /* AppDelegate.swift in Sources */,
				6E8C22672143A0AA00DFB285 /* ParameterEncoderProtocol.swift in Sources */,
				6E8C22372142D10F00DFB285 /* AutoLayout.swift in Sources */,
			);
			runOnlyForDeploymentPostprocessing = 0;
		};
		6E8C22212142AE8900DFB285 /* Sources */ = {
			isa = PBXSourcesBuildPhase;
			buildActionMask = 2147483647;
			files = (
				6E8C228521443C1E00DFB285 /* TenderloinViewController+ViewConstructor.swift in Sources */,
				6E8C227B2143CE4D00DFB285 /* AppDelegate.swift in Sources */,
				6EDACB542144D4F500325893 /* ProductInfoStackView.swift in Sources */,
				6E8C227A2143B07D00DFB285 /* NetworkController.swift in Sources */,
				6EDACB602144E45A00325893 /* UILabel.swift in Sources */,
				6E8C223C2142E61B00DFB285 /* AutoLayout.swift in Sources */,
				6E8C22762143ADC200DFB285 /* TokopediaAPI.swift in Sources */,
				6E8C224C2143983600DFB285 /* BadgeTests.swift in Sources */,
				6E8C223E2142E87700DFB285 /* ProductTests.swift in Sources */,
				6E8C22452142EC1100DFB285 /* ShopTests.swift in Sources */,
				6E8C223F2142E87E00DFB285 /* Product.swift in Sources */,
				6E8C225B21439E1100DFB285 /* HTTPTask.swift in Sources */,
				6EDACB6B2144EA7200325893 /* FilterView.swift in Sources */,
				6E8C225421439CEE00DFB285 /* RouteType.swift in Sources */,
				6E8C22432142EABF00DFB285 /* Shop.swift in Sources */,
				6E8C223B2142E5EB00DFB285 /* AutoLayoutTests.swift in Sources */,
				6E8C227C2143CE5700DFB285 /* TenderloinViewController.swift in Sources */,
				6E8C225821439DE300DFB285 /* HTTPMethod.swift in Sources */,
				6EDACB5D2144E3F100325893 /* UIView.swift in Sources */,
				6E95B7CC21464F450026A5C2 /* PricingFilterView.swift in Sources */,
				6E95B7CB21464F390026A5C2 /* TokopediaColor.swift in Sources */,
				6E8C224F21439C7300DFB285 /* ProductCell.swift in Sources */,
				6E8C22732143A66800DFB285 /* NetworkRouter.swift in Sources */,
				6E8C224D2143983B00DFB285 /* Badge.swift in Sources */,
				6E8C22682143A0AA00DFB285 /* ParameterEncoderProtocol.swift in Sources */,
				6E8C226B2143A34600DFB285 /* JSONParameterEncoder.swift in Sources */,
				6E8C226221439EF700DFB285 /* URLParameterEncoder.swift in Sources */,
				6EDACB5A2144E1F200325893 /* ProductImageView.swift in Sources */,
				6E8C22702143A47500DFB285 /* NetworkRouterProtocol.swift in Sources */,
				6EDACB632144E48E00325893 /* UIStackView.swift in Sources */,
				6E8C227E2143D50400DFB285 /* ProductCellTests.swift in Sources */,
				6E8C225E21439EB700DFB285 /* HTTPHeader.swift in Sources */,
				6E8C222A2142AE8900DFB285 /* TenderloinViewControllerTests.swift in Sources */,
				6E8C228821443C7E00DFB285 /* TenderloinViewController+DataSource.swift in Sources */,
			);
			runOnlyForDeploymentPostprocessing = 0;
		};
/* End PBXSourcesBuildPhase section */

/* Begin PBXTargetDependency section */
		6E8C22272142AE8900DFB285 /* PBXTargetDependency */ = {
			isa = PBXTargetDependency;
			target = 6E8C22102142AE8800DFB285 /* Tenderloin */;
			targetProxy = 6E8C22262142AE8900DFB285 /* PBXContainerItemProxy */;
		};
/* End PBXTargetDependency section */

/* Begin PBXVariantGroup section */
		6E8C221D2142AE8900DFB285 /* LaunchScreen.storyboard */ = {
			isa = PBXVariantGroup;
			children = (
				6E8C221E2142AE8900DFB285 /* Base */,
			);
			name = LaunchScreen.storyboard;
			sourceTree = "<group>";
		};
/* End PBXVariantGroup section */

/* Begin XCBuildConfiguration section */
		6E8C222C2142AE8900DFB285 /* Debug */ = {
			isa = XCBuildConfiguration;
			buildSettings = {
				ALWAYS_SEARCH_USER_PATHS = NO;
				CLANG_ANALYZER_NONNULL = YES;
				CLANG_ANALYZER_NUMBER_OBJECT_CONVERSION = YES_AGGRESSIVE;
				CLANG_CXX_LANGUAGE_STANDARD = "gnu++14";
				CLANG_CXX_LIBRARY = "libc++";
				CLANG_ENABLE_MODULES = YES;
				CLANG_ENABLE_OBJC_ARC = YES;
				CLANG_ENABLE_OBJC_WEAK = YES;
				CLANG_WARN_BLOCK_CAPTURE_AUTORELEASING = YES;
				CLANG_WARN_BOOL_CONVERSION = YES;
				CLANG_WARN_COMMA = YES;
				CLANG_WARN_CONSTANT_CONVERSION = YES;
				CLANG_WARN_DEPRECATED_OBJC_IMPLEMENTATIONS = YES;
				CLANG_WARN_DIRECT_OBJC_ISA_USAGE = YES_ERROR;
				CLANG_WARN_DOCUMENTATION_COMMENTS = YES;
				CLANG_WARN_EMPTY_BODY = YES;
				CLANG_WARN_ENUM_CONVERSION = YES;
				CLANG_WARN_INFINITE_RECURSION = YES;
				CLANG_WARN_INT_CONVERSION = YES;
				CLANG_WARN_NON_LITERAL_NULL_CONVERSION = YES;
				CLANG_WARN_OBJC_IMPLICIT_RETAIN_SELF = YES;
				CLANG_WARN_OBJC_LITERAL_CONVERSION = YES;
				CLANG_WARN_OBJC_ROOT_CLASS = YES_ERROR;
				CLANG_WARN_RANGE_LOOP_ANALYSIS = YES;
				CLANG_WARN_STRICT_PROTOTYPES = YES;
				CLANG_WARN_SUSPICIOUS_MOVE = YES;
				CLANG_WARN_UNGUARDED_AVAILABILITY = YES_AGGRESSIVE;
				CLANG_WARN_UNREACHABLE_CODE = YES;
				CLANG_WARN__DUPLICATE_METHOD_MATCH = YES;
				CODE_SIGN_IDENTITY = "iPhone Developer";
				COPY_PHASE_STRIP = NO;
				DEBUG_INFORMATION_FORMAT = dwarf;
				ENABLE_STRICT_OBJC_MSGSEND = YES;
				ENABLE_TESTABILITY = YES;
				GCC_C_LANGUAGE_STANDARD = gnu11;
				GCC_DYNAMIC_NO_PIC = NO;
				GCC_NO_COMMON_BLOCKS = YES;
				GCC_OPTIMIZATION_LEVEL = 0;
				GCC_PREPROCESSOR_DEFINITIONS = (
					"DEBUG=1",
					"$(inherited)",
				);
				GCC_WARN_64_TO_32_BIT_CONVERSION = YES;
				GCC_WARN_ABOUT_RETURN_TYPE = YES_ERROR;
				GCC_WARN_UNDECLARED_SELECTOR = YES;
				GCC_WARN_UNINITIALIZED_AUTOS = YES_AGGRESSIVE;
				GCC_WARN_UNUSED_FUNCTION = YES;
				GCC_WARN_UNUSED_VARIABLE = YES;
				IPHONEOS_DEPLOYMENT_TARGET = 11.4;
				MTL_ENABLE_DEBUG_INFO = YES;
				ONLY_ACTIVE_ARCH = YES;
				SDKROOT = iphoneos;
				SWIFT_ACTIVE_COMPILATION_CONDITIONS = DEBUG;
				SWIFT_OPTIMIZATION_LEVEL = "-Onone";
			};
			name = Debug;
		};
		6E8C222D2142AE8900DFB285 /* Release */ = {
			isa = XCBuildConfiguration;
			buildSettings = {
				ALWAYS_SEARCH_USER_PATHS = NO;
				CLANG_ANALYZER_NONNULL = YES;
				CLANG_ANALYZER_NUMBER_OBJECT_CONVERSION = YES_AGGRESSIVE;
				CLANG_CXX_LANGUAGE_STANDARD = "gnu++14";
				CLANG_CXX_LIBRARY = "libc++";
				CLANG_ENABLE_MODULES = YES;
				CLANG_ENABLE_OBJC_ARC = YES;
				CLANG_ENABLE_OBJC_WEAK = YES;
				CLANG_WARN_BLOCK_CAPTURE_AUTORELEASING = YES;
				CLANG_WARN_BOOL_CONVERSION = YES;
				CLANG_WARN_COMMA = YES;
				CLANG_WARN_CONSTANT_CONVERSION = YES;
				CLANG_WARN_DEPRECATED_OBJC_IMPLEMENTATIONS = YES;
				CLANG_WARN_DIRECT_OBJC_ISA_USAGE = YES_ERROR;
				CLANG_WARN_DOCUMENTATION_COMMENTS = YES;
				CLANG_WARN_EMPTY_BODY = YES;
				CLANG_WARN_ENUM_CONVERSION = YES;
				CLANG_WARN_INFINITE_RECURSION = YES;
				CLANG_WARN_INT_CONVERSION = YES;
				CLANG_WARN_NON_LITERAL_NULL_CONVERSION = YES;
				CLANG_WARN_OBJC_IMPLICIT_RETAIN_SELF = YES;
				CLANG_WARN_OBJC_LITERAL_CONVERSION = YES;
				CLANG_WARN_OBJC_ROOT_CLASS = YES_ERROR;
				CLANG_WARN_RANGE_LOOP_ANALYSIS = YES;
				CLANG_WARN_STRICT_PROTOTYPES = YES;
				CLANG_WARN_SUSPICIOUS_MOVE = YES;
				CLANG_WARN_UNGUARDED_AVAILABILITY = YES_AGGRESSIVE;
				CLANG_WARN_UNREACHABLE_CODE = YES;
				CLANG_WARN__DUPLICATE_METHOD_MATCH = YES;
				CODE_SIGN_IDENTITY = "iPhone Developer";
				COPY_PHASE_STRIP = NO;
				DEBUG_INFORMATION_FORMAT = "dwarf-with-dsym";
				ENABLE_NS_ASSERTIONS = NO;
				ENABLE_STRICT_OBJC_MSGSEND = YES;
				GCC_C_LANGUAGE_STANDARD = gnu11;
				GCC_NO_COMMON_BLOCKS = YES;
				GCC_WARN_64_TO_32_BIT_CONVERSION = YES;
				GCC_WARN_ABOUT_RETURN_TYPE = YES_ERROR;
				GCC_WARN_UNDECLARED_SELECTOR = YES;
				GCC_WARN_UNINITIALIZED_AUTOS = YES_AGGRESSIVE;
				GCC_WARN_UNUSED_FUNCTION = YES;
				GCC_WARN_UNUSED_VARIABLE = YES;
				IPHONEOS_DEPLOYMENT_TARGET = 11.4;
				MTL_ENABLE_DEBUG_INFO = NO;
				SDKROOT = iphoneos;
				SWIFT_COMPILATION_MODE = wholemodule;
				SWIFT_OPTIMIZATION_LEVEL = "-O";
				VALIDATE_PRODUCT = YES;
			};
			name = Release;
		};
		6E8C222F2142AE8900DFB285 /* Debug */ = {
			isa = XCBuildConfiguration;
			baseConfigurationReference = 0CDF2677EF8E65EF5F3580B5 /* Pods-Tenderloin.debug.xcconfig */;
			buildSettings = {
				ASSETCATALOG_COMPILER_APPICON_NAME = AppIcon;
				CODE_SIGN_STYLE = Automatic;
				DEVELOPMENT_TEAM = RU5UXF462E;
				INFOPLIST_FILE = Tenderloin/Info.plist;
				LD_RUNPATH_SEARCH_PATHS = (
					"$(inherited)",
					"@executable_path/Frameworks",
				);
				PRODUCT_BUNDLE_IDENTIFIER = com.wiyoza.Tenderloin;
				PRODUCT_NAME = "$(TARGET_NAME)";
				SWIFT_VERSION = 4.0;
				TARGETED_DEVICE_FAMILY = "1,2";
			};
			name = Debug;
		};
		6E8C22302142AE8900DFB285 /* Release */ = {
			isa = XCBuildConfiguration;
			baseConfigurationReference = E5EBEC4D1404B475D37BAF46 /* Pods-Tenderloin.release.xcconfig */;
			buildSettings = {
				ASSETCATALOG_COMPILER_APPICON_NAME = AppIcon;
				CODE_SIGN_STYLE = Automatic;
				DEVELOPMENT_TEAM = RU5UXF462E;
				INFOPLIST_FILE = Tenderloin/Info.plist;
				LD_RUNPATH_SEARCH_PATHS = (
					"$(inherited)",
					"@executable_path/Frameworks",
				);
				PRODUCT_BUNDLE_IDENTIFIER = com.wiyoza.Tenderloin;
				PRODUCT_NAME = "$(TARGET_NAME)";
				SWIFT_VERSION = 4.0;
				TARGETED_DEVICE_FAMILY = "1,2";
			};
			name = Release;
		};
		6E8C22322142AE8900DFB285 /* Debug */ = {
			isa = XCBuildConfiguration;
			baseConfigurationReference = 7636E57AE0C3DCCC0A043F2E /* Pods-TenderloinTests.debug.xcconfig */;
			buildSettings = {
				ALWAYS_EMBED_SWIFT_STANDARD_LIBRARIES = YES;
				BUNDLE_LOADER = "$(TEST_HOST)";
				CODE_SIGN_STYLE = Automatic;
				DEVELOPMENT_TEAM = RU5UXF462E;
				INFOPLIST_FILE = TenderloinTests/Info.plist;
				LD_RUNPATH_SEARCH_PATHS = (
					"$(inherited)",
					"@executable_path/Frameworks",
					"@loader_path/Frameworks",
				);
				PRODUCT_BUNDLE_IDENTIFIER = com.wiyoza.TenderloinTests;
				PRODUCT_NAME = "$(TARGET_NAME)";
				SWIFT_VERSION = 4.0;
				TARGETED_DEVICE_FAMILY = "1,2";
				TEST_HOST = "$(BUILT_PRODUCTS_DIR)/Tenderloin.app/Tenderloin";
			};
			name = Debug;
		};
		6E8C22332142AE8900DFB285 /* Release */ = {
			isa = XCBuildConfiguration;
			baseConfigurationReference = D2F9BFFC68EA2AADF64D45E6 /* Pods-TenderloinTests.release.xcconfig */;
			buildSettings = {
				ALWAYS_EMBED_SWIFT_STANDARD_LIBRARIES = YES;
				BUNDLE_LOADER = "$(TEST_HOST)";
				CODE_SIGN_STYLE = Automatic;
				DEVELOPMENT_TEAM = RU5UXF462E;
				INFOPLIST_FILE = TenderloinTests/Info.plist;
				LD_RUNPATH_SEARCH_PATHS = (
					"$(inherited)",
					"@executable_path/Frameworks",
					"@loader_path/Frameworks",
				);
				PRODUCT_BUNDLE_IDENTIFIER = com.wiyoza.TenderloinTests;
				PRODUCT_NAME = "$(TARGET_NAME)";
				SWIFT_VERSION = 4.0;
				TARGETED_DEVICE_FAMILY = "1,2";
				TEST_HOST = "$(BUILT_PRODUCTS_DIR)/Tenderloin.app/Tenderloin";
			};
			name = Release;
		};
/* End XCBuildConfiguration section */

/* Begin XCConfigurationList section */
		6E8C220C2142AE8800DFB285 /* Build configuration list for PBXProject "Tenderloin" */ = {
			isa = XCConfigurationList;
			buildConfigurations = (
				6E8C222C2142AE8900DFB285 /* Debug */,
				6E8C222D2142AE8900DFB285 /* Release */,
			);
			defaultConfigurationIsVisible = 0;
			defaultConfigurationName = Release;
		};
		6E8C222E2142AE8900DFB285 /* Build configuration list for PBXNativeTarget "Tenderloin" */ = {
			isa = XCConfigurationList;
			buildConfigurations = (
				6E8C222F2142AE8900DFB285 /* Debug */,
				6E8C22302142AE8900DFB285 /* Release */,
			);
			defaultConfigurationIsVisible = 0;
			defaultConfigurationName = Release;
		};
		6E8C22312142AE8900DFB285 /* Build configuration list for PBXNativeTarget "TenderloinTests" */ = {
			isa = XCConfigurationList;
			buildConfigurations = (
				6E8C22322142AE8900DFB285 /* Debug */,
				6E8C22332142AE8900DFB285 /* Release */,
			);
			defaultConfigurationIsVisible = 0;
			defaultConfigurationName = Release;
		};
/* End XCConfigurationList section */
	};
	rootObject = 6E8C22092142AE8800DFB285 /* Project object */;
}
